
Microsoft Visual Studio Solution File, Format Version 12.00
# Visual Studio Version 17
VisualStudioVersion = 17.2.32616.157
MinimumVisualStudioVersion = 10.0.40219.1
Project("{FAE04EC0-301F-11D3-BF4B-00C04F79EFBC}") = "RAB_Session02_Skills", "RAB_Session02_Skills\RAB_Session02_Skills.csproj", "{5A2CB7A2-46F5-4CDE-A4DD-C30526297887}"
EndProject
Global
	GlobalSection(SolutionConfigurationPlatforms) = preSolution
		Debug|Any CPU = Debug|Any CPU
		Release|Any CPU = Release|Any CPU
	EndGlobalSection
	GlobalSection(ProjectConfigurationPlatforms) = postSolution
		{5A2CB7A2-46F5-4CDE-A4DD-C30526297887}.Debug|Any CPU.ActiveCfg = Debug|Any CPU
		{5A2CB7A2-46F5-4CDE-A4DD-C30526297887}.Debug|Any CPU.Build.0 = Debug|Any CPU
		{5A2CB7A2-46F5-4CDE-A4DD-C30526297887}.Release|Any CPU.ActiveCfg = Release|Any CPU
		{5A2CB7A2-46F5-4CDE-A4DD-C30526297887}.Release|Any CPU.Build.0 = Release|Any CPU
	EndGlobalSection
	GlobalSection(SolutionProperties) = preSolution
		HideSolutionNode = FALSE
	EndGlobalSection
	GlobalSection(ExtensibilityGlobals) = postSolution
		SolutionGuid = {9DB74D11-D212-4070-AD66-0CF513E353F1}
	EndGlobalSection
EndGlobal
